// !$*UTF8*$!
{
	archiveVersion = 1;
	classes = {
	};
	objectVersion = 77;
	objects = {

/* Begin PBXContainerItemProxy section */
		0194C0B72F23F37500A61BB5 /* PBXContainerItemProxy */ = {
			isa = PBXContainerItemProxy;
			containerPortal = 0194C0A12F23F37300A61BB5 /* Project object */;
			proxyType = 1;
			remoteGlobalIDString = 0194C0A82F23F37300A61BB5;
			remoteInfo = MileLog;
		};
		0194C0C12F23F37500A61BB5 /* PBXContainerItemProxy */ = {
			isa = PBXContainerItemProxy;
			containerPortal = 0194C0A12F23F37300A61BB5 /* Project object */;
			proxyType = 1;
			remoteGlobalIDString = 0194C0A82F23F37300A61BB5;
			remoteInfo = MileLog;
		};
/* End PBXContainerItemProxy section */

/* Begin PBXFileReference section */
		0194C0A92F23F37300A61BB5 /* MileLog.app */ = {isa = PBXFileReference; explicitFileType = wrapper.application; includeInIndex = 0; path = MileLog.app; sourceTree = BUILT_PRODUCTS_DIR; };
		0194C0B62F23F37500A61BB5 /* MileLogTests.xctest */ = {isa = PBXFileReference; explicitFileType = wrapper.cfbundle; includeInIndex = 0; path = MileLogTests.xctest; sourceTree = BUILT_PRODUCTS_DIR; };
		0194C0C02F23F37500A61BB5 /* MileLogUITests.xctest */ = {isa = PBXFileReference; explicitFileType = wrapper.cfbundle; includeInIndex = 0; path = MileLogUITests.xctest; sourceTree = BUILT_PRODUCTS_DIR; };
/* End PBXFileReference section */

/* Begin PBXFileSystemSynchronizedBuildFileExceptionSet section */
		0194C0AB2F23F37300A61BB6 /* PBXFileSystemSynchronizedBuildFileExceptionSet */ = {
			isa = PBXFileSystemSynchronizedBuildFileExceptionSet;
			membershipExceptions = (
				Info.plist,
			);
			target = 0194C0A82F23F37300A61BB5 /* MileLog */;
		};
/* End PBXFileSystemSynchronizedBuildFileExceptionSet section */

/* Begin PBXFileSystemSynchronizedRootGroup section */
		0194C0AB2F23F37300A61BB5 /* MileLog */ = {
			isa = PBXFileSystemSynchronizedRootGroup;
			exceptions = (
				0194C0AB2F23F37300A61BB6 /* PBXFileSystemSynchronizedBuildFileExceptionSet */,
			);
			path = MileLog;
			sourceTree = "<group>";
		};
		0194C0B92F23F37500A61BB5 /* MileLogTests */ = {
			isa = PBXFileSystemSynchronizedRootGroup;
			path = MileLogTests;
			sourceTree = "<group>";
		};
		0194C0C32F23F37500A61BB5 /* MileLogUITests */ = {
			isa = PBXFileSystemSynchronizedRootGroup;
			path = MileLogUITests;
			sourceTree = "<group>";
		};
/* End PBXFileSystemSynchronizedRootGroup section */

/* Begin PBXFrameworksBuildPhase section */
		0194C0A62F23F37300A61BB5 /* Frameworks */ = {
			isa = PBXFrameworksBuildPhase;
			buildActionMask = 2147483647;
			files = (
			);
			runOnlyForDeploymentPostprocessing = 0;
		};
		0194C0B32F23F37500A61BB5 /* Frameworks */ = {
			isa = PBXFrameworksBuildPhase;
			buildActionMask = 2147483647;
			files = (
			);
			runOnlyForDeploymentPostprocessing = 0;
		};
		0194C0BD2F23F37500A61BB5 /* Frameworks */ = {
			isa = PBXFrameworksBuildPhase;
			buildActionMask = 2147483647;
			files = (
			);
			runOnlyForDeploymentPostprocessing = 0;
		};
/* End PBXFrameworksBuildPhase section */

/* Begin PBXGroup section */
		0194C0A02F23F37300A61BB5 = {
			isa = PBXGroup;
			children = (
				0194C0AB2F23F37300A61BB5 /* MileLog */,
				0194C0B92F23F37500A61BB5 /* MileLogTests */,
				0194C0C32F23F37500A61BB5 /* MileLogUITests */,
				0194C0AA2F23F37300A61BB5 /* Products */,
			);
			sourceTree = "<group>";
		};
		0194C0AA2F23F37300A61BB5 /* Products */ = {
			isa = PBXGroup;
			children = (
				0194C0A92F23F37300A61BB5 /* MileLog.app */,
				0194C0B62F23F37500A61BB5 /* MileLogTests.xctest */,
				0194C0C02F23F37500A61BB5 /* MileLogUITests.xctest */,
			);
			name = Products;
			sourceTree = "<group>";
		};
/* End PBXGroup section */

/* Begin PBXNativeTarget section */
		0194C0A82F23F37300A61BB5 /* MileLog */ = {
			isa = PBXNativeTarget;
			buildConfigurationList = 0194C0CA2F23F37500A61BB5 /* Build configuration list for PBXNativeTarget "MileLog" */;
			buildPhases = (
				0194C0A52F23F37300A61BB5 /* Sources */,
				0194C0A62F23F37300A61BB5 /* Frameworks */,
				0194C0A72F23F37300A61BB5 /* Resources */,
			);
			buildRules = (
			);
			dependencies = (
			);
			fileSystemSynchronizedGroups = (
				0194C0AB2F23F37300A61BB5 /* MileLog */,
			);
			name = MileLog;
			packageProductDependencies = (
			);
			productName = MileLog;
			productReference = 0194C0A92F23F37300A61BB5 /* MileLog.app */;
			productType = "com.apple.product-type.application";
		};
		0194C0B52F23F37500A61BB5 /* MileLogTests */ = {
			isa = PBXNativeTarget;
			buildConfigurationList = 0194C0CD2F23F37500A61BB5 /* Build configuration list for PBXNativeTarget "MileLogTests" */;
			buildPhases = (
				0194C0B22F23F37500A61BB5 /* Sources */,
				0194C0B32F23F37500A61BB5 /* Frameworks */,
				0194C0B42F23F37500A61BB5 /* Resources */,
			);
			buildRules = (
			);
			dependencies = (
				0194C0B82F23F37500A61BB5 /* PBXTargetDependency */,
			);
			fileSystemSynchronizedGroups = (
				0194C0B92F23F37500A61BB5 /* MileLogTests */,
			);
			name = MileLogTests;
			packageProductDependencies = (
			);
			productName = MileLogTests;
			productReference = 0194C0B62F23F37500A61BB5 /* MileLogTests.xctest */;
			productType = "com.apple.product-type.bundle.unit-test";
		};
		0194C0BF2F23F37500A61BB5 /* MileLogUITests */ = {
			isa = PBXNativeTarget;
			buildConfigurationList = 0194C0D02F23F37500A61BB5 /* Build configuration list for PBXNativeTarget "MileLogUITests" */;
			buildPhases = (
				0194C0BC2F23F37500A61BB5 /* Sources */,
				0194C0BD2F23F37500A61BB5 /* Frameworks */,
				0194C0BE2F23F37500A61BB5 /* Resources */,
			);
			buildRules = (
			);
			dependencies = (
				0194C0C22F23F37500A61BB5 /* PBXTargetDependency */,
			);
			fileSystemSynchronizedGroups = (
				0194C0C32F23F37500A61BB5 /* MileLogUITests */,
			);
			name = MileLogUITests;
			packageProductDependencies = (
			);
			productName = MileLogUITests;
			productReference = 0194C0C02F23F37500A61BB5 /* MileLogUITests.xctest */;
			productType = "com.apple.product-type.bundle.ui-testing";
		};
/* End PBXNativeTarget section */

/* Begin PBXProject section */
		0194C0A12F23F37300A61BB5 /* Project object */ = {
			isa = PBXProject;
			attributes = {
				BuildIndependentTargetsInParallel = 1;
				LastSwiftUpdateCheck = 2620;
				LastUpgradeCheck = 2620;
				TargetAttributes = {
					0194C0A82F23F37300A61BB5 = {
						CreatedOnToolsVersion = 26.2;
					};
					0194C0B52F23F37500A61BB5 = {
						CreatedOnToolsVersion = 26.2;
						TestTargetID = 0194C0A82F23F37300A61BB5;
					};
					0194C0BF2F23F37500A61BB5 = {
						CreatedOnToolsVersion = 26.2;
						TestTargetID = 0194C0A82F23F37300A61BB5;
					};
				};
			};
			buildConfigurationList = 0194C0A42F23F37300A61BB5 /* Build configuration list for PBXProject "MileLog" */;
			developmentRegion = en;
			hasScannedForEncodings = 0;
			knownRegions = (
				en,
				Base,
			);
			mainGroup = 0194C0A02F23F37300A61BB5;
			minimizedProjectReferenceProxies = 1;
			preferredProjectObjectVersion = 77;
			productRefGroup = 0194C0AA2F23F37300A61BB5 /* Products */;
			projectDirPath = "";
			projectRoot = "";
			targets = (
				0194C0A82F23F37300A61BB5 /* MileLog */,
				0194C0B52F23F37500A61BB5 /* MileLogTests */,
				0194C0BF2F23F37500A61BB5 /* MileLogUITests */,
			);
		};
/* End PBXProject section */

/* Begin PBXResourcesBuildPhase section */
		0194C0A72F23F37300A61BB5 /* Resources */ = {
			isa = PBXResourcesBuildPhase;
			buildActionMask = 2147483647;
			files = (
			);
			runOnlyForDeploymentPostprocessing = 0;
		};
		0194C0B42F23F37500A61BB5 /* Resources */ = {
			isa = PBXResourcesBuildPhase;
			buildActionMask = 2147483647;
			files = (
			);
			runOnlyForDeploymentPostprocessing = 0;
		};
		0194C0BE2F23F37500A61BB5 /* Resources */ = {
			isa = PBXResourcesBuildPhase;
			buildActionMask = 2147483647;
			files = (
			);
			runOnlyForDeploymentPostprocessing = 0;
		};
/* End PBXResourcesBuildPhase section */

/* Begin PBXSourcesBuildPhase section */
		0194C0A52F23F37300A61BB5 /* Sources */ = {
			isa = PBXSourcesBuildPhase;
			buildActionMask = 2147483647;
			files = (
			);
			runOnlyForDeploymentPostprocessing = 0;
		};
		0194C0B22F23F37500A61BB5 /* Sources */ = {
			isa = PBXSourcesBuildPhase;
			buildActionMask = 2147483647;
			files = (
			);
			runOnlyForDeploymentPostprocessing = 0;
		};
		0194C0BC2F23F37500A61BB5 /* Sources */ = {
			isa = PBXSourcesBuildPhase;
			buildActionMask = 2147483647;
			files = (
			);
			runOnlyForDeploymentPostprocessing = 0;
		};
/* End PBXSourcesBuildPhase section */

/* Begin PBXTargetDependency section */
		0194C0B82F23F37500A61BB5 /* PBXTargetDependency */ = {
			isa = PBXTargetDependency;
			target = 0194C0A82F23F37300A61BB5 /* MileLog */;
			targetProxy = 0194C0B72F23F37500A61BB5 /* PBXContainerItemProxy */;
		};
		0194C0C22F23F37500A61BB5 /* PBXTargetDependency */ = {
			isa = PBXTargetDependency;
			target = 0194C0A82F23F37300A61BB5 /* MileLog */;
			targetProxy = 0194C0C12F23F37500A61BB5 /* PBXContainerItemProxy */;
		};
/* End PBXTargetDependency section */

/* Begin XCBuildConfiguration section */
		0194C0C82F23F37500A61BB5 /* Debug */ = {
			isa = XCBuildConfiguration;
			buildSettings = {
				ALWAYS_SEARCH_USER_PATHS = NO;
				ASSETCATALOG_COMPILER_GENERATE_SWIFT_ASSET_SYMBOL_EXTENSIONS = YES;
				CLANG_ANALYZER_NONNULL = YES;
				CLANG_ANALYZER_NUMBER_OBJECT_CONVERSION = YES_AGGRESSIVE;
				CLANG_CXX_LANGUAGE_STANDARD = "gnu++20";
				CLANG_ENABLE_MODULES = YES;
				CLANG_ENABLE_OBJC_ARC = YES;
				CLANG_ENABLE_OBJC_WEAK = YES;
				CLANG_WARN_BLOCK_CAPTURE_AUTORELEASING = YES;
				CLANG_WARN_BOOL_CONVERSION = YES;
				CLANG_WARN_COMMA = YES;
				CLANG_WARN_CONSTANT_CONVERSION = YES;
				CLANG_WARN_DEPRECATED_OBJC_IMPLEMENTATIONS = YES;
				CLANG_WARN_DIRECT_OBJC_ISA_USAGE = YES_ERROR;
				CLANG_WARN_DOCUMENTATION_COMMENTS = YES;
				CLANG_WARN_EMPTY_BODY = YES;
				CLANG_WARN_ENUM_CONVERSION = YES;
				CLANG_WARN_INFINITE_RECURSION = YES;
				CLANG_WARN_INT_CONVERSION = YES;
				CLANG_WARN_NON_LITERAL_NULL_CONVERSION = YES;
				CLANG_WARN_OBJC_IMPLICIT_RETAIN_SELF = YES;
				CLANG_WARN_OBJC_LITERAL_CONVERSION = YES;
				CLANG_WARN_OBJC_ROOT_CLASS = YES_ERROR;
				CLANG_WARN_QUOTED_INCLUDE_IN_FRAMEWORK_HEADER = YES;
				CLANG_WARN_RANGE_LOOP_ANALYSIS = YES;
				CLANG_WARN_STRICT_PROTOTYPES = YES;
				CLANG_WARN_SUSPICIOUS_MOVE = YES;
				CLANG_WARN_UNGUARDED_AVAILABILITY = YES_AGGRESSIVE;
				CLANG_WARN_UNREACHABLE_CODE = YES;
				CLANG_WARN__DUPLICATE_METHOD_MATCH = YES;
				COPY_PHASE_STRIP = NO;
				DEBUG_INFORMATION_FORMAT = dwarf;
				ENABLE_STRICT_OBJC_MSGSEND = YES;
				ENABLE_TESTABILITY = YES;
				ENABLE_USER_SCRIPT_SANDBOXING = YES;
				GCC_C_LANGUAGE_STANDARD = gnu17;
				GCC_DYNAMIC_NO_PIC = NO;
				GCC_NO_COMMON_BLOCKS = YES;
				GCC_OPTIMIZATION_LEVEL = 0;
				GCC_PREPROCESSOR_DEFINITIONS = (
					"DEBUG=1",
					"$(inherited)",
				);
				GCC_WARN_64_TO_32_BIT_CONVERSION = YES;
				GCC_WARN_ABOUT_RETURN_TYPE = YES_ERROR;
				GCC_WARN_UNDECLARED_SELECTOR = YES;
				GCC_WARN_UNINITIALIZED_AUTOS = YES_AGGRESSIVE;
				GCC_WARN_UNUSED_FUNCTION = YES;
				GCC_WARN_UNUSED_VARIABLE = YES;
				IPHONEOS_DEPLOYMENT_TARGET = 26.2;
				LOCALIZATION_PREFERS_STRING_CATALOGS = YES;
				MTL_ENABLE_DEBUG_INFO = INCLUDE_SOURCE;
				MTL_FAST_MATH = YES;
				ONLY_ACTIVE_ARCH = YES;
				SDKROOT = iphoneos;
				SWIFT_ACTIVE_COMPILATION_CONDITIONS = "DEBUG $(inherited)";
				SWIFT_OPTIMIZATION_LEVEL = "-Onone";
			};
			name = Debug;
		};
		0194C0C92F23F37500A61BB5 /* Release */ = {
			isa = XCBuildConfiguration;
			buildSettings = {
				ALWAYS_SEARCH_USER_PATHS = NO;
				ASSETCATALOG_COMPILER_GENERATE_SWIFT_ASSET_SYMBOL_EXTENSIONS = YES;
				CLANG_ANALYZER_NONNULL = YES;
				CLANG_ANALYZER_NUMBER_OBJECT_CONVERSION = YES_AGGRESSIVE;
				CLANG_CXX_LANGUAGE_STANDARD = "gnu++20";
				CLANG_ENABLE_MODULES = YES;
				CLANG_ENABLE_OBJC_ARC = YES;
				CLANG_ENABLE_OBJC_WEAK = YES;
				CLANG_WARN_BLOCK_CAPTURE_AUTORELEASING = YES;
				CLANG_WARN_BOOL_CONVERSION = YES;
				CLANG_WARN_COMMA = YES;
				CLANG_WARN_CONSTANT_CONVERSION = YES;
				CLANG_WARN_DEPRECATED_OBJC_IMPLEMENTATIONS = YES;
				CLANG_WARN_DIRECT_OBJC_ISA_USAGE = YES_ERROR;
				CLANG_WARN_DOCUMENTATION_COMMENTS = YES;
				CLANG_WARN_EMPTY_BODY = YES;
				CLANG_WARN_ENUM_CONVERSION = YES;
				CLANG_WARN_INFINITE_RECURSION = YES;
				CLANG_WARN_INT_CONVERSION = YES;
				CLANG_WARN_NON_LITERAL_NULL_CONVERSION = YES;
				CLANG_WARN_OBJC_IMPLICIT_RETAIN_SELF = YES;
				CLANG_WARN_OBJC_LITERAL_CONVERSION = YES;
				CLANG_WARN_OBJC_ROOT_CLASS = YES_ERROR;
				CLANG_WARN_QUOTED_INCLUDE_IN_FRAMEWORK_HEADER = YES;
				CLANG_WARN_RANGE_LOOP_ANALYSIS = YES;
				CLANG_WARN_STRICT_PROTOTYPES = YES;
				CLANG_WARN_SUSPICIOUS_MOVE = YES;
				CLANG_WARN_UNGUARDED_AVAILABILITY = YES_AGGRESSIVE;
				CLANG_WARN_UNREACHABLE_CODE = YES;
				CLANG_WARN__DUPLICATE_METHOD_MATCH = YES;
				COPY_PHASE_STRIP = NO;
				DEBUG_INFORMATION_FORMAT = "dwarf-with-dsym";
				ENABLE_NS_ASSERTIONS = NO;
				ENABLE_STRICT_OBJC_MSGSEND = YES;
				ENABLE_USER_SCRIPT_SANDBOXING = YES;
				GCC_C_LANGUAGE_STANDARD = gnu17;
				GCC_NO_COMMON_BLOCKS = YES;
				GCC_WARN_64_TO_32_BIT_CONVERSION = YES;
				GCC_WARN_ABOUT_RETURN_TYPE = YES_ERROR;
				GCC_WARN_UNDECLARED_SELECTOR = YES;
				GCC_WARN_UNINITIALIZED_AUTOS = YES_AGGRESSIVE;
				GCC_WARN_UNUSED_FUNCTION = YES;
				GCC_WARN_UNUSED_VARIABLE = YES;
				IPHONEOS_DEPLOYMENT_TARGET = 26.2;
				LOCALIZATION_PREFERS_STRING_CATALOGS = YES;
				MTL_ENABLE_DEBUG_INFO = NO;
				MTL_FAST_MATH = YES;
				SDKROOT = iphoneos;
				SWIFT_COMPILATION_MODE = wholemodule;
				VALIDATE_PRODUCT = YES;
			};
			name = Release;
		};
		0194C0CB2F23F37500A61BB5 /* Debug */ = {
			isa = XCBuildConfiguration;
			buildSettings = {
				ASSETCATALOG_COMPILER_APPICON_NAME = AppIcon;
				ASSETCATALOG_COMPILER_GLOBAL_ACCENT_COLOR_NAME = AccentColor;
				CODE_SIGN_STYLE = Automatic;
				CURRENT_PROJECT_VERSION = 1;
				DEVELOPMENT_TEAM = WZQD2T3WBG;
				ENABLE_PREVIEWS = YES;
				GENERATE_INFOPLIST_FILE = YES;
				INFOPLIST_FILE = MileLog/Info.plist;
				INFOPLIST_KEY_NSLocationAlwaysAndWhenInUseUsageDescription = "MileLog needs location access to automatically track your trips and calculate mileage when driving.";
				INFOPLIST_KEY_NSLocationWhenInUseUsageDescription = "MileLog needs location access to track your trips and calculate mileage.";
				INFOPLIST_KEY_NSMotionUsageDescription = "MileLog uses motion data to detect when you start and stop driving for automatic trip tracking.";
				INFOPLIST_KEY_UIApplicationSceneManifest_Generation = YES;
				INFOPLIST_KEY_UIApplicationSupportsIndirectInputEvents = YES;
				INFOPLIST_KEY_UILaunchScreen_Generation = YES;
				INFOPLIST_KEY_UISupportedInterfaceOrientations_iPad = "UIInterfaceOrientationPortrait UIInterfaceOrientationPortraitUpsideDown UIInterfaceOrientationLandscapeLeft UIInterfaceOrientationLandscapeRight";
				INFOPLIST_KEY_UISupportedInterfaceOrientations_iPhone = "UIInterfaceOrientationPortrait UIInterfaceOrientationLandscapeLeft UIInterfaceOrientationLandscapeRight";
				LD_RUNPATH_SEARCH_PATHS = (
					"$(inherited)",
					"@executable_path/Frameworks",
				);
				MARKETING_VERSION = 1.0;
				PRODUCT_BUNDLE_IDENTIFIER = guavatechllc.MileLog;
				PRODUCT_NAME = "$(TARGET_NAME)";
				STRING_CATALOG_GENERATE_SYMBOLS = YES;
				SWIFT_APPROACHABLE_CONCURRENCY = YES;
				SWIFT_DEFAULT_ACTOR_ISOLATION = MainActor;
				SWIFT_EMIT_LOC_STRINGS = YES;
				SWIFT_UPCOMING_FEATURE_MEMBER_IMPORT_VISIBILITY = YES;
				SWIFT_VERSION = 5.0;
				TARGETED_DEVICE_FAMILY = "1,2";
			};
			name = Debug;
		};
		0194C0CC2F23F37500A61BB5 /* Release */ = {
			isa = XCBuildConfiguration;
			buildSettings = {
				ASSETCATALOG_COMPILER_APPICON_NAME = AppIcon;
				ASSETCATALOG_COMPILER_GLOBAL_ACCENT_COLOR_NAME = AccentColor;
				CODE_SIGN_STYLE = Automatic;
				CURRENT_PROJECT_VERSION = 1;
				DEVELOPMENT_TEAM = WZQD2T3WBG;
				ENABLE_PREVIEWS = YES;
				GENERATE_INFOPLIST_FILE = YES;
				INFOPLIST_FILE = MileLog/Info.plist;
				INFOPLIST_KEY_NSLocationAlwaysAndWhenInUseUsageDescription = "MileLog needs location access to automatically track your trips and calculate mileage when driving.";
				INFOPLIST_KEY_NSLocationWhenInUseUsageDescription = "MileLog needs location access to track your trips and calculate mileage.";
				INFOPLIST_KEY_NSMotionUsageDescription = "MileLog uses motion data to detect when you start and stop driving for automatic trip tracking.";
				INFOPLIST_KEY_UIApplicationSceneManifest_Generation = YES;
				INFOPLIST_KEY_UIApplicationSupportsIndirectInputEvents = YES;
				INFOPLIST_KEY_UILaunchScreen_Generation = YES;
				INFOPLIST_KEY_UISupportedInterfaceOrientations_iPad = "UIInterfaceOrientationPortrait UIInterfaceOrientationPortraitUpsideDown UIInterfaceOrientationLandscapeLeft UIInterfaceOrientationLandscapeRight";
				INFOPLIST_KEY_UISupportedInterfaceOrientations_iPhone = "UIInterfaceOrientationPortrait UIInterfaceOrientationLandscapeLeft UIInterfaceOrientationLandscapeRight";
				LD_RUNPATH_SEARCH_PATHS = (
					"$(inherited)",
					"@executable_path/Frameworks",
				);
				MARKETING_VERSION = 1.0;
				PRODUCT_BUNDLE_IDENTIFIER = guavatechllc.MileLog;
				PRODUCT_NAME = "$(TARGET_NAME)";
				STRING_CATALOG_GENERATE_SYMBOLS = YES;
				SWIFT_APPROACHABLE_CONCURRENCY = YES;
				SWIFT_DEFAULT_ACTOR_ISOLATION = MainActor;
				SWIFT_EMIT_LOC_STRINGS = YES;
				SWIFT_UPCOMING_FEATURE_MEMBER_IMPORT_VISIBILITY = YES;
				SWIFT_VERSION = 5.0;
				TARGETED_DEVICE_FAMILY = "1,2";
			};
			name = Release;
		};
		0194C0CE2F23F37500A61BB5 /* Debug */ = {
			isa = XCBuildConfiguration;
			buildSettings = {
				BUNDLE_LOADER = "$(TEST_HOST)";
				CODE_SIGN_STYLE = Automatic;
				CURRENT_PROJECT_VERSION = 1;
				GENERATE_INFOPLIST_FILE = YES;
				IPHONEOS_DEPLOYMENT_TARGET = 26.2;
				MARKETING_VERSION = 1.0;
				PRODUCT_BUNDLE_IDENTIFIER = guavatechllc.MileLogTests;
				PRODUCT_NAME = "$(TARGET_NAME)";
				STRING_CATALOG_GENERATE_SYMBOLS = NO;
				SWIFT_APPROACHABLE_CONCURRENCY = YES;
				SWIFT_EMIT_LOC_STRINGS = NO;
				SWIFT_UPCOMING_FEATURE_MEMBER_IMPORT_VISIBILITY = YES;
				SWIFT_VERSION = 5.0;
				TARGETED_DEVICE_FAMILY = "1,2";
				TEST_HOST = "$(BUILT_PRODUCTS_DIR)/MileLog.app/$(BUNDLE_EXECUTABLE_FOLDER_PATH)/MileLog";
			};
			name = Debug;
		};
		0194C0CF2F23F37500A61BB5 /* Release */ = {
			isa = XCBuildConfiguration;
			buildSettings = {
				BUNDLE_LOADER = "$(TEST_HOST)";
				CODE_SIGN_STYLE = Automatic;
				CURRENT_PROJECT_VERSION = 1;
				GENERATE_INFOPLIST_FILE = YES;
				IPHONEOS_DEPLOYMENT_TARGET = 26.2;
				MARKETING_VERSION = 1.0;
				PRODUCT_BUNDLE_IDENTIFIER = guavatechllc.MileLogTests;
				PRODUCT_NAME = "$(TARGET_NAME)";
				STRING_CATALOG_GENERATE_SYMBOLS = NO;
				SWIFT_APPROACHABLE_CONCURRENCY = YES;
				SWIFT_EMIT_LOC_STRINGS = NO;
				SWIFT_UPCOMING_FEATURE_MEMBER_IMPORT_VISIBILITY = YES;
				SWIFT_VERSION = 5.0;
				TARGETED_DEVICE_FAMILY = "1,2";
				TEST_HOST = "$(BUILT_PRODUCTS_DIR)/MileLog.app/$(BUNDLE_EXECUTABLE_FOLDER_PATH)/MileLog";
			};
			name = Release;
		};
		0194C0D12F23F37500A61BB5 /* Debug */ = {
			isa = XCBuildConfiguration;
			buildSettings = {
				CODE_SIGN_STYLE = Automatic;
				CURRENT_PROJECT_VERSION = 1;
				GENERATE_INFOPLIST_FILE = YES;
				MARKETING_VERSION = 1.0;
				PRODUCT_BUNDLE_IDENTIFIER = guavatechllc.MileLogUITests;
				PRODUCT_NAME = "$(TARGET_NAME)";
				STRING_CATALOG_GENERATE_SYMBOLS = NO;
				SWIFT_APPROACHABLE_CONCURRENCY = YES;
				SWIFT_EMIT_LOC_STRINGS = NO;
				SWIFT_UPCOMING_FEATURE_MEMBER_IMPORT_VISIBILITY = YES;
				SWIFT_VERSION = 5.0;
				TARGETED_DEVICE_FAMILY = "1,2";
				TEST_TARGET_NAME = MileLog;
			};
			name = Debug;
		};
		0194C0D22F23F37500A61BB5 /* Release */ = {
			isa = XCBuildConfiguration;
			buildSettings = {
				CODE_SIGN_STYLE = Automatic;
				CURRENT_PROJECT_VERSION = 1;
				GENERATE_INFOPLIST_FILE = YES;
				MARKETING_VERSION = 1.0;
				PRODUCT_BUNDLE_IDENTIFIER = guavatechllc.MileLogUITests;
				PRODUCT_NAME = "$(TARGET_NAME)";
				STRING_CATALOG_GENERATE_SYMBOLS = NO;
				SWIFT_APPROACHABLE_CONCURRENCY = YES;
				SWIFT_EMIT_LOC_STRINGS = NO;
				SWIFT_UPCOMING_FEATURE_MEMBER_IMPORT_VISIBILITY = YES;
				SWIFT_VERSION = 5.0;
				TARGETED_DEVICE_FAMILY = "1,2";
				TEST_TARGET_NAME = MileLog;
			};
			name = Release;
		};
/* End XCBuildConfiguration section */

/* Begin XCConfigurationList section */
		0194C0A42F23F37300A61BB5 /* Build configuration list for PBXProject "MileLog" */ = {
			isa = XCConfigurationList;
			buildConfigurations = (
				0194C0C82F23F37500A61BB5 /* Debug */,
				0194C0C92F23F37500A61BB5 /* Release */,
			);
			defaultConfigurationIsVisible = 0;
			defaultConfigurationName = Release;
		};
		0194C0CA2F23F37500A61BB5 /* Build configuration list for PBXNativeTarget "MileLog" */ = {
			isa = XCConfigurationList;
			buildConfigurations = (
				0194C0CB2F23F37500A61BB5 /* Debug */,
				0194C0CC2F23F37500A61BB5 /* Release */,
			);
			defaultConfigurationIsVisible = 0;
			defaultConfigurationName = Release;
		};
		0194C0CD2F23F37500A61BB5 /* Build configuration list for PBXNativeTarget "MileLogTests" */ = {
			isa = XCConfigurationList;
			buildConfigurations = (
				0194C0CE2F23F37500A61BB5 /* Debug */,
				0194C0CF2F23F37500A61BB5 /* Release */,
			);
			defaultConfigurationIsVisible = 0;
			defaultConfigurationName = Release;
		};
		0194C0D02F23F37500A61BB5 /* Build configuration list for PBXNativeTarget "MileLogUITests" */ = {
			isa = XCConfigurationList;
			buildConfigurations = (
				0194C0D12F23F37500A61BB5 /* Debug */,
				0194C0D22F23F37500A61BB5 /* Release */,
			);
			defaultConfigurationIsVisible = 0;
			defaultConfigurationName = Release;
		};
/* End XCConfigurationList section */
	};
	rootObject = 0194C0A12F23F37300A61BB5 /* Project object */;
}
